
Microsoft Visual Studio Solution File, Format Version 12.00
# Visual Studio Version 17
VisualStudioVersion = 17.9.34728.123
MinimumVisualStudioVersion = 10.0.40219.1
Project("{FAE04EC0-301F-11D3-BF4B-00C04F79EFBC}") = "RemoveTheDead", "RemoveTheDead\RemoveTheDead.csproj", "{9E520B75-DEEA-4F45-A708-87B3D1BE4184}"
EndProject
Global
	GlobalSection(SolutionConfigurationPlatforms) = preSolution
		Debug|Any CPU = Debug|Any CPU
		Release|Any CPU = Release|Any CPU
	EndGlobalSection
	GlobalSection(ProjectConfigurationPlatforms) = postSolution
		{9E520B75-DEEA-4F45-A708-87B3D1BE4184}.Debug|Any CPU.ActiveCfg = Debug|Any CPU
		{9E520B75-DEEA-4F45-A708-87B3D1BE4184}.Debug|Any CPU.Build.0 = Debug|Any CPU
		{9E520B75-DEEA-4F45-A708-87B3D1BE4184}.Release|Any CPU.ActiveCfg = Release|Any CPU
		{9E520B75-DEEA-4F45-A708-87B3D1BE4184}.Release|Any CPU.Build.0 = Release|Any CPU
	EndGlobalSection
	GlobalSection(SolutionProperties) = preSolution
		HideSolutionNode = FALSE
	EndGlobalSection
	GlobalSection(ExtensibilityGlobals) = postSolution
		SolutionGuid = {40CF0253-321F-45F8-BD49-AB076FC9ECA9}
	EndGlobalSection
EndGlobal
